// !$*UTF8*$!
{
	archiveVersion = 1;
	classes = {
	};
	objectVersion = 55;
	objects = {

/* Begin PBXBuildFile section */
		05F39AB328CCE60D00561FB8 /* AppDelegate.swift in Sources */ = {isa = PBXBuildFile; fileRef = 05F39AB228CCE60D00561FB8 /* AppDelegate.swift */; };
		05F39AB528CCE60D00561FB8 /* SceneDelegate.swift in Sources */ = {isa = PBXBuildFile; fileRef = 05F39AB428CCE60D00561FB8 /* SceneDelegate.swift */; };
		05F39AB728CCE60D00561FB8 /* ViewController.swift in Sources */ = {isa = PBXBuildFile; fileRef = 05F39AB628CCE60D00561FB8 /* ViewController.swift */; };
		05F39ABA28CCE60D00561FB8 /* Main.storyboard in Resources */ = {isa = PBXBuildFile; fileRef = 05F39AB828CCE60D00561FB8 /* Main.storyboard */; };
		05F39ABC28CCE60F00561FB8 /* Assets.xcassets in Resources */ = {isa = PBXBuildFile; fileRef = 05F39ABB28CCE60F00561FB8 /* Assets.xcassets */; };
		05F39ABF28CCE60F00561FB8 /* LaunchScreen.storyboard in Resources */ = {isa = PBXBuildFile; fileRef = 05F39ABD28CCE60F00561FB8 /* LaunchScreen.storyboard */; };
		05F39ACA28CCE60F00561FB8 /* microtask_toolTests.swift in Sources */ = {isa = PBXBuildFile; fileRef = 05F39AC928CCE60F00561FB8 /* microtask_toolTests.swift */; };
		05F39AD428CCE60F00561FB8 /* microtask_toolUITests.swift in Sources */ = {isa = PBXBuildFile; fileRef = 05F39AD328CCE60F00561FB8 /* microtask_toolUITests.swift */; };
		05F39AD628CCE60F00561FB8 /* microtask_toolUITestsLaunchTests.swift in Sources */ = {isa = PBXBuildFile; fileRef = 05F39AD528CCE60F00561FB8 /* microtask_toolUITestsLaunchTests.swift */; };
/* End PBXBuildFile section */

/* Begin PBXContainerItemProxy section */
		05F39AC628CCE60F00561FB8 /* PBXContainerItemProxy */ = {
			isa = PBXContainerItemProxy;
			containerPortal = 05F39AA728CCE60D00561FB8 /* Project object */;
			proxyType = 1;
			remoteGlobalIDString = 05F39AAE28CCE60D00561FB8;
			remoteInfo = "microtask tool";
		};
		05F39AD028CCE60F00561FB8 /* PBXContainerItemProxy */ = {
			isa = PBXContainerItemProxy;
			containerPortal = 05F39AA728CCE60D00561FB8 /* Project object */;
			proxyType = 1;
			remoteGlobalIDString = 05F39AAE28CCE60D00561FB8;
			remoteInfo = "microtask tool";
		};
/* End PBXContainerItemProxy section */

/* Begin PBXFileReference section */
		05F39AAF28CCE60D00561FB8 /* microtask tool.app */ = {isa = PBXFileReference; explicitFileType = wrapper.application; includeInIndex = 0; path = "microtask tool.app"; sourceTree = BUILT_PRODUCTS_DIR; };
		05F39AB228CCE60D00561FB8 /* AppDelegate.swift */ = {isa = PBXFileReference; lastKnownFileType = sourcecode.swift; path = AppDelegate.swift; sourceTree = "<group>"; };
		05F39AB428CCE60D00561FB8 /* SceneDelegate.swift */ = {isa = PBXFileReference; lastKnownFileType = sourcecode.swift; path = SceneDelegate.swift; sourceTree = "<group>"; };
		05F39AB628CCE60D00561FB8 /* ViewController.swift */ = {isa = PBXFileReference; lastKnownFileType = sourcecode.swift; path = ViewController.swift; sourceTree = "<group>"; };
		05F39AB928CCE60D00561FB8 /* Base */ = {isa = PBXFileReference; lastKnownFileType = file.storyboard; name = Base; path = Base.lproj/Main.storyboard; sourceTree = "<group>"; };
		05F39ABB28CCE60F00561FB8 /* Assets.xcassets */ = {isa = PBXFileReference; lastKnownFileType = folder.assetcatalog; path = Assets.xcassets; sourceTree = "<group>"; };
		05F39ABE28CCE60F00561FB8 /* Base */ = {isa = PBXFileReference; lastKnownFileType = file.storyboard; name = Base; path = Base.lproj/LaunchScreen.storyboard; sourceTree = "<group>"; };
		05F39AC028CCE60F00561FB8 /* Info.plist */ = {isa = PBXFileReference; lastKnownFileType = text.plist.xml; path = Info.plist; sourceTree = "<group>"; };
		05F39AC528CCE60F00561FB8 /* microtask toolTests.xctest */ = {isa = PBXFileReference; explicitFileType = wrapper.cfbundle; includeInIndex = 0; path = "microtask toolTests.xctest"; sourceTree = BUILT_PRODUCTS_DIR; };
		05F39AC928CCE60F00561FB8 /* microtask_toolTests.swift */ = {isa = PBXFileReference; lastKnownFileType = sourcecode.swift; path = microtask_toolTests.swift; sourceTree = "<group>"; };
		05F39ACF28CCE60F00561FB8 /* microtask toolUITests.xctest */ = {isa = PBXFileReference; explicitFileType = wrapper.cfbundle; includeInIndex = 0; path = "microtask toolUITests.xctest"; sourceTree = BUILT_PRODUCTS_DIR; };
		05F39AD328CCE60F00561FB8 /* microtask_toolUITests.swift */ = {isa = PBXFileReference; lastKnownFileType = sourcecode.swift; path = microtask_toolUITests.swift; sourceTree = "<group>"; };
		05F39AD528CCE60F00561FB8 /* microtask_toolUITestsLaunchTests.swift */ = {isa = PBXFileReference; lastKnownFileType = sourcecode.swift; path = microtask_toolUITestsLaunchTests.swift; sourceTree = "<group>"; };
/* End PBXFileReference section */

/* Begin PBXFrameworksBuildPhase section */
		05F39AAC28CCE60D00561FB8 /* Frameworks */ = {
			isa = PBXFrameworksBuildPhase;
			buildActionMask = 2147483647;
			files = (
			);
			runOnlyForDeploymentPostprocessing = 0;
		};
		05F39AC228CCE60F00561FB8 /* Frameworks */ = {
			isa = PBXFrameworksBuildPhase;
			buildActionMask = 2147483647;
			files = (
			);
			runOnlyForDeploymentPostprocessing = 0;
		};
		05F39ACC28CCE60F00561FB8 /* Frameworks */ = {
			isa = PBXFrameworksBuildPhase;
			buildActionMask = 2147483647;
			files = (
			);
			runOnlyForDeploymentPostprocessing = 0;
		};
/* End PBXFrameworksBuildPhase section */

/* Begin PBXGroup section */
		05F39AA628CCE60D00561FB8 = {
			isa = PBXGroup;
			children = (
				05F39AB128CCE60D00561FB8 /* microtask tool */,
				05F39AC828CCE60F00561FB8 /* microtask toolTests */,
				05F39AD228CCE60F00561FB8 /* microtask toolUITests */,
				05F39AB028CCE60D00561FB8 /* Products */,
			);
			sourceTree = "<group>";
		};
		05F39AB028CCE60D00561FB8 /* Products */ = {
			isa = PBXGroup;
			children = (
				05F39AAF28CCE60D00561FB8 /* microtask tool.app */,
				05F39AC528CCE60F00561FB8 /* microtask toolTests.xctest */,
				05F39ACF28CCE60F00561FB8 /* microtask toolUITests.xctest */,
			);
			name = Products;
			sourceTree = "<group>";
		};
		05F39AB128CCE60D00561FB8 /* microtask tool */ = {
			isa = PBXGroup;
			children = (
				05F39AB228CCE60D00561FB8 /* AppDelegate.swift */,
				05F39AB428CCE60D00561FB8 /* SceneDelegate.swift */,
				05F39AB628CCE60D00561FB8 /* ViewController.swift */,
				05F39AB828CCE60D00561FB8 /* Main.storyboard */,
				05F39ABB28CCE60F00561FB8 /* Assets.xcassets */,
				05F39ABD28CCE60F00561FB8 /* LaunchScreen.storyboard */,
				05F39AC028CCE60F00561FB8 /* Info.plist */,
			);
			path = "microtask tool";
			sourceTree = "<group>";
		};
		05F39AC828CCE60F00561FB8 /* microtask toolTests */ = {
			isa = PBXGroup;
			children = (
				05F39AC928CCE60F00561FB8 /* microtask_toolTests.swift */,
			);
			path = "microtask toolTests";
			sourceTree = "<group>";
		};
		05F39AD228CCE60F00561FB8 /* microtask toolUITests */ = {
			isa = PBXGroup;
			children = (
				05F39AD328CCE60F00561FB8 /* microtask_toolUITests.swift */,
				05F39AD528CCE60F00561FB8 /* microtask_toolUITestsLaunchTests.swift */,
			);
			path = "microtask toolUITests";
			sourceTree = "<group>";
		};
/* End PBXGroup section */

/* Begin PBXNativeTarget section */
		05F39AAE28CCE60D00561FB8 /* microtask tool */ = {
			isa = PBXNativeTarget;
			buildConfigurationList = 05F39AD928CCE60F00561FB8 /* Build configuration list for PBXNativeTarget "microtask tool" */;
			buildPhases = (
				05F39AAB28CCE60D00561FB8 /* Sources */,
				05F39AAC28CCE60D00561FB8 /* Frameworks */,
				05F39AAD28CCE60D00561FB8 /* Resources */,
			);
			buildRules = (
			);
			dependencies = (
			);
			name = "microtask tool";
			productName = "microtask tool";
			productReference = 05F39AAF28CCE60D00561FB8 /* microtask tool.app */;
			productType = "com.apple.product-type.application";
		};
		05F39AC428CCE60F00561FB8 /* microtask toolTests */ = {
			isa = PBXNativeTarget;
			buildConfigurationList = 05F39ADC28CCE60F00561FB8 /* Build configuration list for PBXNativeTarget "microtask toolTests" */;
			buildPhases = (
				05F39AC128CCE60F00561FB8 /* Sources */,
				05F39AC228CCE60F00561FB8 /* Frameworks */,
				05F39AC328CCE60F00561FB8 /* Resources */,
			);
			buildRules = (
			);
			dependencies = (
				05F39AC728CCE60F00561FB8 /* PBXTargetDependency */,
			);
			name = "microtask toolTests";
			productName = "microtask toolTests";
			productReference = 05F39AC528CCE60F00561FB8 /* microtask toolTests.xctest */;
			productType = "com.apple.product-type.bundle.unit-test";
		};
		05F39ACE28CCE60F00561FB8 /* microtask toolUITests */ = {
			isa = PBXNativeTarget;
			buildConfigurationList = 05F39ADF28CCE60F00561FB8 /* Build configuration list for PBXNativeTarget "microtask toolUITests" */;
			buildPhases = (
				05F39ACB28CCE60F00561FB8 /* Sources */,
				05F39ACC28CCE60F00561FB8 /* Frameworks */,
				05F39ACD28CCE60F00561FB8 /* Resources */,
			);
			buildRules = (
			);
			dependencies = (
				05F39AD128CCE60F00561FB8 /* PBXTargetDependency */,
			);
			name = "microtask toolUITests";
			productName = "microtask toolUITests";
			productReference = 05F39ACF28CCE60F00561FB8 /* microtask toolUITests.xctest */;
			productType = "com.apple.product-type.bundle.ui-testing";
		};
/* End PBXNativeTarget section */

/* Begin PBXProject section */
		05F39AA728CCE60D00561FB8 /* Project object */ = {
			isa = PBXProject;
			attributes = {
				BuildIndependentTargetsInParallel = 1;
				LastSwiftUpdateCheck = 1340;
				LastUpgradeCheck = 1340;
				TargetAttributes = {
					05F39AAE28CCE60D00561FB8 = {
						CreatedOnToolsVersion = 13.4.1;
					};
					05F39AC428CCE60F00561FB8 = {
						CreatedOnToolsVersion = 13.4.1;
						TestTargetID = 05F39AAE28CCE60D00561FB8;
					};
					05F39ACE28CCE60F00561FB8 = {
						CreatedOnToolsVersion = 13.4.1;
						TestTargetID = 05F39AAE28CCE60D00561FB8;
					};
				};
			};
			buildConfigurationList = 05F39AAA28CCE60D00561FB8 /* Build configuration list for PBXProject "microtask tool" */;
			compatibilityVersion = "Xcode 13.0";
			developmentRegion = en;
			hasScannedForEncodings = 0;
			knownRegions = (
				en,
				Base,
			);
			mainGroup = 05F39AA628CCE60D00561FB8;
			productRefGroup = 05F39AB028CCE60D00561FB8 /* Products */;
			projectDirPath = "";
			projectRoot = "";
			targets = (
				05F39AAE28CCE60D00561FB8 /* microtask tool */,
				05F39AC428CCE60F00561FB8 /* microtask toolTests */,
				05F39ACE28CCE60F00561FB8 /* microtask toolUITests */,
			);
		};
/* End PBXProject section */

/* Begin PBXResourcesBuildPhase section */
		05F39AAD28CCE60D00561FB8 /* Resources */ = {
			isa = PBXResourcesBuildPhase;
			buildActionMask = 2147483647;
			files = (
				05F39ABF28CCE60F00561FB8 /* LaunchScreen.storyboard in Resources */,
				05F39ABC28CCE60F00561FB8 /* Assets.xcassets in Resources */,
				05F39ABA28CCE60D00561FB8 /* Main.storyboard in Resources */,
			);
			runOnlyForDeploymentPostprocessing = 0;
		};
		05F39AC328CCE60F00561FB8 /* Resources */ = {
			isa = PBXResourcesBuildPhase;
			buildActionMask = 2147483647;
			files = (
			);
			runOnlyForDeploymentPostprocessing = 0;
		};
		05F39ACD28CCE60F00561FB8 /* Resources */ = {
			isa = PBXResourcesBuildPhase;
			buildActionMask = 2147483647;
			files = (
			);
			runOnlyForDeploymentPostprocessing = 0;
		};
/* End PBXResourcesBuildPhase section */

/* Begin PBXSourcesBuildPhase section */
		05F39AAB28CCE60D00561FB8 /* Sources */ = {
			isa = PBXSourcesBuildPhase;
			buildActionMask = 2147483647;
			files = (
				05F39AB728CCE60D00561FB8 /* ViewController.swift in Sources */,
				05F39AB328CCE60D00561FB8 /* AppDelegate.swift in Sources */,
				05F39AB528CCE60D00561FB8 /* SceneDelegate.swift in Sources */,
			);
			runOnlyForDeploymentPostprocessing = 0;
		};
		05F39AC128CCE60F00561FB8 /* Sources */ = {
			isa = PBXSourcesBuildPhase;
			buildActionMask = 2147483647;
			files = (
				05F39ACA28CCE60F00561FB8 /* microtask_toolTests.swift in Sources */,
			);
			runOnlyForDeploymentPostprocessing = 0;
		};
		05F39ACB28CCE60F00561FB8 /* Sources */ = {
			isa = PBXSourcesBuildPhase;
			buildActionMask = 2147483647;
			files = (
				05F39AD628CCE60F00561FB8 /* microtask_toolUITestsLaunchTests.swift in Sources */,
				05F39AD428CCE60F00561FB8 /* microtask_toolUITests.swift in Sources */,
			);
			runOnlyForDeploymentPostprocessing = 0;
		};
/* End PBXSourcesBuildPhase section */

/* Begin PBXTargetDependency section */
		05F39AC728CCE60F00561FB8 /* PBXTargetDependency */ = {
			isa = PBXTargetDependency;
			target = 05F39AAE28CCE60D00561FB8 /* microtask tool */;
			targetProxy = 05F39AC628CCE60F00561FB8 /* PBXContainerItemProxy */;
		};
		05F39AD128CCE60F00561FB8 /* PBXTargetDependency */ = {
			isa = PBXTargetDependency;
			target = 05F39AAE28CCE60D00561FB8 /* microtask tool */;
			targetProxy = 05F39AD028CCE60F00561FB8 /* PBXContainerItemProxy */;
		};
/* End PBXTargetDependency section */

/* Begin PBXVariantGroup section */
		05F39AB828CCE60D00561FB8 /* Main.storyboard */ = {
			isa = PBXVariantGroup;
			children = (
				05F39AB928CCE60D00561FB8 /* Base */,
			);
			name = Main.storyboard;
			sourceTree = "<group>";
		};
		05F39ABD28CCE60F00561FB8 /* LaunchScreen.storyboard */ = {
			isa = PBXVariantGroup;
			children = (
				05F39ABE28CCE60F00561FB8 /* Base */,
			);
			name = LaunchScreen.storyboard;
			sourceTree = "<group>";
		};
/* End PBXVariantGroup section */

/* Begin XCBuildConfiguration section */
		05F39AD728CCE60F00561FB8 /* Debug */ = {
			isa = XCBuildConfiguration;
			buildSettings = {
				ALWAYS_SEARCH_USER_PATHS = NO;
				CLANG_ANALYZER_NONNULL = YES;
				CLANG_ANALYZER_NUMBER_OBJECT_CONVERSION = YES_AGGRESSIVE;
				CLANG_CXX_LANGUAGE_STANDARD = "gnu++17";
				CLANG_ENABLE_MODULES = YES;
				CLANG_ENABLE_OBJC_ARC = YES;
				CLANG_ENABLE_OBJC_WEAK = YES;
				CLANG_WARN_BLOCK_CAPTURE_AUTORELEASING = YES;
				CLANG_WARN_BOOL_CONVERSION = YES;
				CLANG_WARN_COMMA = YES;
				CLANG_WARN_CONSTANT_CONVERSION = YES;
				CLANG_WARN_DEPRECATED_OBJC_IMPLEMENTATIONS = YES;
				CLANG_WARN_DIRECT_OBJC_ISA_USAGE = YES_ERROR;
				CLANG_WARN_DOCUMENTATION_COMMENTS = YES;
				CLANG_WARN_EMPTY_BODY = YES;
				CLANG_WARN_ENUM_CONVERSION = YES;
				CLANG_WARN_INFINITE_RECURSION = YES;
				CLANG_WARN_INT_CONVERSION = YES;
				CLANG_WARN_NON_LITERAL_NULL_CONVERSION = YES;
				CLANG_WARN_OBJC_IMPLICIT_RETAIN_SELF = YES;
				CLANG_WARN_OBJC_LITERAL_CONVERSION = YES;
				CLANG_WARN_OBJC_ROOT_CLASS = YES_ERROR;
				CLANG_WARN_QUOTED_INCLUDE_IN_FRAMEWORK_HEADER = YES;
				CLANG_WARN_RANGE_LOOP_ANALYSIS = YES;
				CLANG_WARN_STRICT_PROTOTYPES = YES;
				CLANG_WARN_SUSPICIOUS_MOVE = YES;
				CLANG_WARN_UNGUARDED_AVAILABILITY = YES_AGGRESSIVE;
				CLANG_WARN_UNREACHABLE_CODE = YES;
				CLANG_WARN__DUPLICATE_METHOD_MATCH = YES;
				COPY_PHASE_STRIP = NO;
				DEBUG_INFORMATION_FORMAT = dwarf;
				ENABLE_STRICT_OBJC_MSGSEND = YES;
				ENABLE_TESTABILITY = YES;
				GCC_C_LANGUAGE_STANDARD = gnu11;
				GCC_DYNAMIC_NO_PIC = NO;
				GCC_NO_COMMON_BLOCKS = YES;
				GCC_OPTIMIZATION_LEVEL = 0;
				GCC_PREPROCESSOR_DEFINITIONS = (
					"DEBUG=1",
					"$(inherited)",
				);
				GCC_WARN_64_TO_32_BIT_CONVERSION = YES;
				GCC_WARN_ABOUT_RETURN_TYPE = YES_ERROR;
				GCC_WARN_UNDECLARED_SELECTOR = YES;
				GCC_WARN_UNINITIALIZED_AUTOS = YES_AGGRESSIVE;
				GCC_WARN_UNUSED_FUNCTION = YES;
				GCC_WARN_UNUSED_VARIABLE = YES;
				IPHONEOS_DEPLOYMENT_TARGET = 15.5;
				MTL_ENABLE_DEBUG_INFO = INCLUDE_SOURCE;
				MTL_FAST_MATH = YES;
				ONLY_ACTIVE_ARCH = YES;
				SDKROOT = iphoneos;
				SWIFT_ACTIVE_COMPILATION_CONDITIONS = DEBUG;
				SWIFT_OPTIMIZATION_LEVEL = "-Onone";
			};
			name = Debug;
		};
		05F39AD828CCE60F00561FB8 /* Release */ = {
			isa = XCBuildConfiguration;
			buildSettings = {
				ALWAYS_SEARCH_USER_PATHS = NO;
				CLANG_ANALYZER_NONNULL = YES;
				CLANG_ANALYZER_NUMBER_OBJECT_CONVERSION = YES_AGGRESSIVE;
				CLANG_CXX_LANGUAGE_STANDARD = "gnu++17";
				CLANG_ENABLE_MODULES = YES;
				CLANG_ENABLE_OBJC_ARC = YES;
				CLANG_ENABLE_OBJC_WEAK = YES;
				CLANG_WARN_BLOCK_CAPTURE_AUTORELEASING = YES;
				CLANG_WARN_BOOL_CONVERSION = YES;
				CLANG_WARN_COMMA = YES;
				CLANG_WARN_CONSTANT_CONVERSION = YES;
				CLANG_WARN_DEPRECATED_OBJC_IMPLEMENTATIONS = YES;
				CLANG_WARN_DIRECT_OBJC_ISA_USAGE = YES_ERROR;
				CLANG_WARN_DOCUMENTATION_COMMENTS = YES;
				CLANG_WARN_EMPTY_BODY = YES;
				CLANG_WARN_ENUM_CONVERSION = YES;
				CLANG_WARN_INFINITE_RECURSION = YES;
				CLANG_WARN_INT_CONVERSION = YES;
				CLANG_WARN_NON_LITERAL_NULL_CONVERSION = YES;
				CLANG_WARN_OBJC_IMPLICIT_RETAIN_SELF = YES;
				CLANG_WARN_OBJC_LITERAL_CONVERSION = YES;
				CLANG_WARN_OBJC_ROOT_CLASS = YES_ERROR;
				CLANG_WARN_QUOTED_INCLUDE_IN_FRAMEWORK_HEADER = YES;
				CLANG_WARN_RANGE_LOOP_ANALYSIS = YES;
				CLANG_WARN_STRICT_PROTOTYPES = YES;
				CLANG_WARN_SUSPICIOUS_MOVE = YES;
				CLANG_WARN_UNGUARDED_AVAILABILITY = YES_AGGRESSIVE;
				CLANG_WARN_UNREACHABLE_CODE = YES;
				CLANG_WARN__DUPLICATE_METHOD_MATCH = YES;
				COPY_PHASE_STRIP = NO;
				DEBUG_INFORMATION_FORMAT = "dwarf-with-dsym";
				ENABLE_NS_ASSERTIONS = NO;
				ENABLE_STRICT_OBJC_MSGSEND = YES;
				GCC_C_LANGUAGE_STANDARD = gnu11;
				GCC_NO_COMMON_BLOCKS = YES;
				GCC_WARN_64_TO_32_BIT_CONVERSION = YES;
				GCC_WARN_ABOUT_RETURN_TYPE = YES_ERROR;
				GCC_WARN_UNDECLARED_SELECTOR = YES;
				GCC_WARN_UNINITIALIZED_AUTOS = YES_AGGRESSIVE;
				GCC_WARN_UNUSED_FUNCTION = YES;
				GCC_WARN_UNUSED_VARIABLE = YES;
				IPHONEOS_DEPLOYMENT_TARGET = 15.5;
				MTL_ENABLE_DEBUG_INFO = NO;
				MTL_FAST_MATH = YES;
				SDKROOT = iphoneos;
				SWIFT_COMPILATION_MODE = wholemodule;
				SWIFT_OPTIMIZATION_LEVEL = "-O";
				VALIDATE_PRODUCT = YES;
			};
			name = Release;
		};
		05F39ADA28CCE60F00561FB8 /* Debug */ = {
			isa = XCBuildConfiguration;
			buildSettings = {
				ASSETCATALOG_COMPILER_APPICON_NAME = AppIcon;
				ASSETCATALOG_COMPILER_GLOBAL_ACCENT_COLOR_NAME = AccentColor;
				CODE_SIGN_STYLE = Automatic;
				CURRENT_PROJECT_VERSION = 1;
				DEVELOPMENT_TEAM = D6AY938CAT;
				GENERATE_INFOPLIST_FILE = YES;
				INFOPLIST_FILE = "microtask tool/Info.plist";
				INFOPLIST_KEY_UIApplicationSupportsIndirectInputEvents = YES;
				INFOPLIST_KEY_UILaunchStoryboardName = LaunchScreen;
				INFOPLIST_KEY_UIMainStoryboardFile = Main;
				INFOPLIST_KEY_UISupportedInterfaceOrientations_iPad = "UIInterfaceOrientationPortrait UIInterfaceOrientationPortraitUpsideDown UIInterfaceOrientationLandscapeLeft UIInterfaceOrientationLandscapeRight";
				INFOPLIST_KEY_UISupportedInterfaceOrientations_iPhone = "UIInterfaceOrientationPortrait UIInterfaceOrientationLandscapeLeft UIInterfaceOrientationLandscapeRight";
				LD_RUNPATH_SEARCH_PATHS = (
					"$(inherited)",
					"@executable_path/Frameworks",
				);
				MARKETING_VERSION = 1.0;
				PRODUCT_BUNDLE_IDENTIFIER = "com.home.Scrumdinger.microtask-tool";
				PRODUCT_NAME = "$(TARGET_NAME)";
				SWIFT_EMIT_LOC_STRINGS = YES;
				SWIFT_VERSION = 5.0;
				TARGETED_DEVICE_FAMILY = "1,2";
			};
			name = Debug;
		};
		05F39ADB28CCE60F00561FB8 /* Release */ = {
			isa = XCBuildConfiguration;
			buildSettings = {
				ASSETCATALOG_COMPILER_APPICON_NAME = AppIcon;
				ASSETCATALOG_COMPILER_GLOBAL_ACCENT_COLOR_NAME = AccentColor;
				CODE_SIGN_STYLE = Automatic;
				CURRENT_PROJECT_VERSION = 1;
				DEVELOPMENT_TEAM = D6AY938CAT;
				GENERATE_INFOPLIST_FILE = YES;
				INFOPLIST_FILE = "microtask tool/Info.plist";
				INFOPLIST_KEY_UIApplicationSupportsIndirectInputEvents = YES;
				INFOPLIST_KEY_UILaunchStoryboardName = LaunchScreen;
				INFOPLIST_KEY_UIMainStoryboardFile = Main;
				INFOPLIST_KEY_UISupportedInterfaceOrientations_iPad = "UIInterfaceOrientationPortrait UIInterfaceOrientationPortraitUpsideDown UIInterfaceOrientationLandscapeLeft UIInterfaceOrientationLandscapeRight";
				INFOPLIST_KEY_UISupportedInterfaceOrientations_iPhone = "UIInterfaceOrientationPortrait UIInterfaceOrientationLandscapeLeft UIInterfaceOrientationLandscapeRight";
				LD_RUNPATH_SEARCH_PATHS = (
					"$(inherited)",
					"@executable_path/Frameworks",
				);
				MARKETING_VERSION = 1.0;
				PRODUCT_BUNDLE_IDENTIFIER = "com.home.Scrumdinger.microtask-tool";
				PRODUCT_NAME = "$(TARGET_NAME)";
				SWIFT_EMIT_LOC_STRINGS = YES;
				SWIFT_VERSION = 5.0;
				TARGETED_DEVICE_FAMILY = "1,2";
			};
			name = Release;
		};
		05F39ADD28CCE60F00561FB8 /* Debug */ = {
			isa = XCBuildConfiguration;
			buildSettings = {
				ALWAYS_EMBED_SWIFT_STANDARD_LIBRARIES = YES;
				BUNDLE_LOADER = "$(TEST_HOST)";
				CODE_SIGN_STYLE = Automatic;
				CURRENT_PROJECT_VERSION = 1;
				DEVELOPMENT_TEAM = D6AY938CAT;
				GENERATE_INFOPLIST_FILE = YES;
				IPHONEOS_DEPLOYMENT_TARGET = 15.5;
				MARKETING_VERSION = 1.0;
				PRODUCT_BUNDLE_IDENTIFIER = "com.home.Scrumdinger.microtask-toolTests";
				PRODUCT_NAME = "$(TARGET_NAME)";
				SWIFT_EMIT_LOC_STRINGS = NO;
				SWIFT_VERSION = 5.0;
				TARGETED_DEVICE_FAMILY = "1,2";
				TEST_HOST = "$(BUILT_PRODUCTS_DIR)/microtask tool.app/microtask tool";
			};
			name = Debug;
		};
		05F39ADE28CCE60F00561FB8 /* Release */ = {
			isa = XCBuildConfiguration;
			buildSettings = {
				ALWAYS_EMBED_SWIFT_STANDARD_LIBRARIES = YES;
				BUNDLE_LOADER = "$(TEST_HOST)";
				CODE_SIGN_STYLE = Automatic;
				CURRENT_PROJECT_VERSION = 1;
				DEVELOPMENT_TEAM = D6AY938CAT;
				GENERATE_INFOPLIST_FILE = YES;
				IPHONEOS_DEPLOYMENT_TARGET = 15.5;
				MARKETING_VERSION = 1.0;
				PRODUCT_BUNDLE_IDENTIFIER = "com.home.Scrumdinger.microtask-toolTests";
				PRODUCT_NAME = "$(TARGET_NAME)";
				SWIFT_EMIT_LOC_STRINGS = NO;
				SWIFT_VERSION = 5.0;
				TARGETED_DEVICE_FAMILY = "1,2";
				TEST_HOST = "$(BUILT_PRODUCTS_DIR)/microtask tool.app/microtask tool";
			};
			name = Release;
		};
		05F39AE028CCE60F00561FB8 /* Debug */ = {
			isa = XCBuildConfiguration;
			buildSettings = {
				ALWAYS_EMBED_SWIFT_STANDARD_LIBRARIES = YES;
				CODE_SIGN_STYLE = Automatic;
				CURRENT_PROJECT_VERSION = 1;
				DEVELOPMENT_TEAM = D6AY938CAT;
				GENERATE_INFOPLIST_FILE = YES;
				MARKETING_VERSION = 1.0;
				PRODUCT_BUNDLE_IDENTIFIER = "com.home.Scrumdinger.microtask-toolUITests";
				PRODUCT_NAME = "$(TARGET_NAME)";
				SWIFT_EMIT_LOC_STRINGS = NO;
				SWIFT_VERSION = 5.0;
				TARGETED_DEVICE_FAMILY = "1,2";
				TEST_TARGET_NAME = "microtask tool";
			};
			name = Debug;
		};
		05F39AE128CCE60F00561FB8 /* Release */ = {
			isa = XCBuildConfiguration;
			buildSettings = {
				ALWAYS_EMBED_SWIFT_STANDARD_LIBRARIES = YES;
				CODE_SIGN_STYLE = Automatic;
				CURRENT_PROJECT_VERSION = 1;
				DEVELOPMENT_TEAM = D6AY938CAT;
				GENERATE_INFOPLIST_FILE = YES;
				MARKETING_VERSION = 1.0;
				PRODUCT_BUNDLE_IDENTIFIER = "com.home.Scrumdinger.microtask-toolUITests";
				PRODUCT_NAME = "$(TARGET_NAME)";
				SWIFT_EMIT_LOC_STRINGS = NO;
				SWIFT_VERSION = 5.0;
				TARGETED_DEVICE_FAMILY = "1,2";
				TEST_TARGET_NAME = "microtask tool";
			};
			name = Release;
		};
/* End XCBuildConfiguration section */

/* Begin XCConfigurationList section */
		05F39AAA28CCE60D00561FB8 /* Build configuration list for PBXProject "microtask tool" */ = {
			isa = XCConfigurationList;
			buildConfigurations = (
				05F39AD728CCE60F00561FB8 /* Debug */,
				05F39AD828CCE60F00561FB8 /* Release */,
			);
			defaultConfigurationIsVisible = 0;
			defaultConfigurationName = Release;
		};
		05F39AD928CCE60F00561FB8 /* Build configuration list for PBXNativeTarget "microtask tool" */ = {
			isa = XCConfigurationList;
			buildConfigurations = (
				05F39ADA28CCE60F00561FB8 /* Debug */,
				05F39ADB28CCE60F00561FB8 /* Release */,
			);
			defaultConfigurationIsVisible = 0;
			defaultConfigurationName = Release;
		};
		05F39ADC28CCE60F00561FB8 /* Build configuration list for PBXNativeTarget "microtask toolTests" */ = {
			isa = XCConfigurationList;
			buildConfigurations = (
				05F39ADD28CCE60F00561FB8 /* Debug */,
				05F39ADE28CCE60F00561FB8 /* Release */,
			);
			defaultConfigurationIsVisible = 0;
			defaultConfigurationName = Release;
		};
		05F39ADF28CCE60F00561FB8 /* Build configuration list for PBXNativeTarget "microtask toolUITests" */ = {
			isa = XCConfigurationList;
			buildConfigurations = (
				05F39AE028CCE60F00561FB8 /* Debug */,
				05F39AE128CCE60F00561FB8 /* Release */,
			);
			defaultConfigurationIsVisible = 0;
			defaultConfigurationName = Release;
		};
/* End XCConfigurationList section */
	};
	rootObject = 05F39AA728CCE60D00561FB8 /* Project object */;
}
